{
    "name": "",
    "version": "",
    "lockfileVersion": 3,
    "requires": true,
    "packages": {
        "": {
            "dependencies": {
                "stock-sdk": "latest"
            }
        },
        "node_modules/stock-sdk": {
            "version": "2.4.1",
            "resolved": "https://registry.npmjs.org/stock-sdk/-/stock-sdk-2.4.1.tgz",
            "integrity": "sha512-sjNzY6Z0oMAOxAzyR5w+Ang23lAWJAYqKYhWa0r2NrSza50v7Vxphd0d+kYGXn9E3V+eWhnzHboLsi1APDiTow=="
        }
    }
}
